
Microsoft Visual Studio Solution File, Format Version 12.00
# Visual Studio 14
VisualStudioVersion = 14.0.25420.1
MinimumVisualStudioVersion = 10.0.40219.1
Project("{DA7A21FA-8162-4350-AD77-A8D1B671F3ED}") = "Statistical Methods in R", "Statistical Methods in R\Statistical Methods in R.rxproj", "{C5E9A135-5434-412E-8481-C5522C3F5216}"
EndProject
Global
	GlobalSection(SolutionConfigurationPlatforms) = preSolution
		Debug|Any CPU = Debug|Any CPU
		Release|Any CPU = Release|Any CPU
	EndGlobalSection
	GlobalSection(ProjectConfigurationPlatforms) = postSolution
		{C5E9A135-5434-412E-8481-C5522C3F5216}.Debug|Any CPU.ActiveCfg = Debug|Any CPU
		{C5E9A135-5434-412E-8481-C5522C3F5216}.Debug|Any CPU.Build.0 = Debug|Any CPU
		{C5E9A135-5434-412E-8481-C5522C3F5216}.Release|Any CPU.ActiveCfg = Release|Any CPU
		{C5E9A135-5434-412E-8481-C5522C3F5216}.Release|Any CPU.Build.0 = Release|Any CPU
	EndGlobalSection
	GlobalSection(SolutionProperties) = preSolution
		HideSolutionNode = FALSE
	EndGlobalSection
EndGlobal
